
Microsoft Visual Studio Solution File, Format Version 12.00
# Visual Studio Version 17
VisualStudioVersion = 17.9.34728.123
MinimumVisualStudioVersion = 10.0.40219.1
Project("{2150E333-8FDC-42A3-9474-1A3956D46DE8}") = "Creational", "Creational", "{EA689ED1-9343-4E7D-852B-A360C75D5E99}"
EndProject
Project("{2150E333-8FDC-42A3-9474-1A3956D46DE8}") = "Singleton", "Singleton", "{9C4E163D-7738-48F0-9E1A-4B355DA37DEE}"
EndProject
Project("{9A19103F-16F7-4668-BE54-9A1E7A4F7556}") = "Simple-Singleton", "Simple-Singleton\Simple-Singleton.csproj", "{9D2C691B-C24F-41DC-9ED8-B2F7E1AFA395}"
EndProject
Project("{9A19103F-16F7-4668-BE54-9A1E7A4F7556}") = "Thread-Safe-Singleton", "Thread-Safe-Singleton\Thread-Safe-Singleton.csproj", "{BBBBA43B-996B-481E-A415-B457FE31220F}"
EndProject
Project("{2150E333-8FDC-42A3-9474-1A3956D46DE8}") = "Factory", "Factory", "{B517FC3F-7D20-4312-9CFD-D19098968FE0}"
EndProject
Project("{9A19103F-16F7-4668-BE54-9A1E7A4F7556}") = "Simple-Factory", "Simple-Factory\Simple-Factory.csproj", "{6D40E24F-44E9-4AAC-9109-9A2BAA99E765}"
EndProject
Project("{9A19103F-16F7-4668-BE54-9A1E7A4F7556}") = "Factory-Method", "Factory-Method\Factory-Method.csproj", "{8A921E09-38D9-4E5A-997A-37CC43ED9FA2}"
EndProject
Project("{9A19103F-16F7-4668-BE54-9A1E7A4F7556}") = "Abstract-Factory", "Abstract-Factory\Abstract-Factory.csproj", "{481AAA2B-EE66-4508-90F5-8757BF0C406F}"
EndProject
Project("{2150E333-8FDC-42A3-9474-1A3956D46DE8}") = "Builder", "Builder", "{114F1D7D-89DC-402F-A708-27B0878B4E26}"
EndProject
Project("{9A19103F-16F7-4668-BE54-9A1E7A4F7556}") = "Simple-Builder", "Simple-Builder\Simple-Builder.csproj", "{6A7B1F5E-453F-4FAB-BADA-AB102BDF7F02}"
EndProject
Project("{2150E333-8FDC-42A3-9474-1A3956D46DE8}") = "Prototype", "Prototype", "{2DC57B6E-DEE8-486E-9CAA-99EF3888C475}"
EndProject
Project("{9A19103F-16F7-4668-BE54-9A1E7A4F7556}") = "Simple-Prototype", "Simple-Prototype\Simple-Prototype.csproj", "{BC50C728-8739-4F53-8EDA-15E0CC166534}"
EndProject
Project("{2150E333-8FDC-42A3-9474-1A3956D46DE8}") = "Structural", "Structural", "{D7DDA887-2EC4-42FD-A1BB-ACCC1CA9CF41}"
EndProject
Project("{2150E333-8FDC-42A3-9474-1A3956D46DE8}") = "Adapter", "Adapter", "{8BFB42AB-2EE1-4E15-A049-C8780D2DBABE}"
EndProject
Project("{9A19103F-16F7-4668-BE54-9A1E7A4F7556}") = "Simple-Adapter", "Simple-Adapter\Simple-Adapter.csproj", "{1F3BB190-6F48-405D-B282-9F01BBD6579E}"
EndProject
Project("{9A19103F-16F7-4668-BE54-9A1E7A4F7556}") = "Simple-Bridge", "Simple-Bridge\Simple-Bridge.csproj", "{72A59ED2-C18A-43CF-961D-4BD009DDDC3F}"
EndProject
Project("{9A19103F-16F7-4668-BE54-9A1E7A4F7556}") = "Simple-Composite", "Simple-Composite\Simple-Composite.csproj", "{851ED7A5-FA76-4940-9099-C22424F7659C}"
EndProject
Project("{9A19103F-16F7-4668-BE54-9A1E7A4F7556}") = "Simple-Decorator", "Simple-Decorator\Simple-Decorator.csproj", "{4C5A15FC-A206-4FCD-8149-358F5D3C6210}"
EndProject
Project("{2150E333-8FDC-42A3-9474-1A3956D46DE8}") = "Examples", "Examples", "{0BACEA5C-D737-43BB-B315-41656A023D6C}"
EndProject
Project("{9A19103F-16F7-4668-BE54-9A1E7A4F7556}") = "Example", "Example\Example.csproj", "{B441DE16-7D48-4B18-827B-52A92C6A11F4}"
EndProject
Project("{9A19103F-16F7-4668-BE54-9A1E7A4F7556}") = "Simple-Facade", "Simple-Facade\Simple-Facade.csproj", "{4935707B-15C7-4AA2-BA98-9E736078AC0C}"
EndProject
Project("{9A19103F-16F7-4668-BE54-9A1E7A4F7556}") = "Simple-Flyweight", "Simple-Flyweight\Simple-Flyweight.csproj", "{C64A3230-743A-42B0-8760-15070D13F0D1}"
EndProject
Project("{FAE04EC0-301F-11D3-BF4B-00C04F79EFBC}") = "Simple-Proxy", "Simple-Proxy\Simple-Proxy.csproj", "{C80402CD-E444-401F-B87C-CBB96370D77A}"
EndProject
Global
	GlobalSection(SolutionConfigurationPlatforms) = preSolution
		Debug|Any CPU = Debug|Any CPU
		Release|Any CPU = Release|Any CPU
	EndGlobalSection
	GlobalSection(ProjectConfigurationPlatforms) = postSolution
		{9D2C691B-C24F-41DC-9ED8-B2F7E1AFA395}.Debug|Any CPU.ActiveCfg = Debug|Any CPU
		{9D2C691B-C24F-41DC-9ED8-B2F7E1AFA395}.Debug|Any CPU.Build.0 = Debug|Any CPU
		{9D2C691B-C24F-41DC-9ED8-B2F7E1AFA395}.Release|Any CPU.ActiveCfg = Release|Any CPU
		{9D2C691B-C24F-41DC-9ED8-B2F7E1AFA395}.Release|Any CPU.Build.0 = Release|Any CPU
		{BBBBA43B-996B-481E-A415-B457FE31220F}.Debug|Any CPU.ActiveCfg = Debug|Any CPU
		{BBBBA43B-996B-481E-A415-B457FE31220F}.Debug|Any CPU.Build.0 = Debug|Any CPU
		{BBBBA43B-996B-481E-A415-B457FE31220F}.Release|Any CPU.ActiveCfg = Release|Any CPU
		{BBBBA43B-996B-481E-A415-B457FE31220F}.Release|Any CPU.Build.0 = Release|Any CPU
		{6D40E24F-44E9-4AAC-9109-9A2BAA99E765}.Debug|Any CPU.ActiveCfg = Debug|Any CPU
		{6D40E24F-44E9-4AAC-9109-9A2BAA99E765}.Debug|Any CPU.Build.0 = Debug|Any CPU
		{6D40E24F-44E9-4AAC-9109-9A2BAA99E765}.Release|Any CPU.ActiveCfg = Release|Any CPU
		{6D40E24F-44E9-4AAC-9109-9A2BAA99E765}.Release|Any CPU.Build.0 = Release|Any CPU
		{8A921E09-38D9-4E5A-997A-37CC43ED9FA2}.Debug|Any CPU.ActiveCfg = Debug|Any CPU
		{8A921E09-38D9-4E5A-997A-37CC43ED9FA2}.Debug|Any CPU.Build.0 = Debug|Any CPU
		{8A921E09-38D9-4E5A-997A-37CC43ED9FA2}.Release|Any CPU.ActiveCfg = Release|Any CPU
		{8A921E09-38D9-4E5A-997A-37CC43ED9FA2}.Release|Any CPU.Build.0 = Release|Any CPU
		{481AAA2B-EE66-4508-90F5-8757BF0C406F}.Debug|Any CPU.ActiveCfg = Debug|Any CPU
		{481AAA2B-EE66-4508-90F5-8757BF0C406F}.Debug|Any CPU.Build.0 = Debug|Any CPU
		{481AAA2B-EE66-4508-90F5-8757BF0C406F}.Release|Any CPU.ActiveCfg = Release|Any CPU
		{481AAA2B-EE66-4508-90F5-8757BF0C406F}.Release|Any CPU.Build.0 = Release|Any CPU
		{6A7B1F5E-453F-4FAB-BADA-AB102BDF7F02}.Debug|Any CPU.ActiveCfg = Debug|Any CPU
		{6A7B1F5E-453F-4FAB-BADA-AB102BDF7F02}.Debug|Any CPU.Build.0 = Debug|Any CPU
		{6A7B1F5E-453F-4FAB-BADA-AB102BDF7F02}.Release|Any CPU.ActiveCfg = Release|Any CPU
		{6A7B1F5E-453F-4FAB-BADA-AB102BDF7F02}.Release|Any CPU.Build.0 = Release|Any CPU
		{BC50C728-8739-4F53-8EDA-15E0CC166534}.Debug|Any CPU.ActiveCfg = Debug|Any CPU
		{BC50C728-8739-4F53-8EDA-15E0CC166534}.Debug|Any CPU.Build.0 = Debug|Any CPU
		{BC50C728-8739-4F53-8EDA-15E0CC166534}.Release|Any CPU.ActiveCfg = Release|Any CPU
		{BC50C728-8739-4F53-8EDA-15E0CC166534}.Release|Any CPU.Build.0 = Release|Any CPU
		{1F3BB190-6F48-405D-B282-9F01BBD6579E}.Debug|Any CPU.ActiveCfg = Debug|Any CPU
		{1F3BB190-6F48-405D-B282-9F01BBD6579E}.Debug|Any CPU.Build.0 = Debug|Any CPU
		{1F3BB190-6F48-405D-B282-9F01BBD6579E}.Release|Any CPU.ActiveCfg = Release|Any CPU
		{1F3BB190-6F48-405D-B282-9F01BBD6579E}.Release|Any CPU.Build.0 = Release|Any CPU
		{72A59ED2-C18A-43CF-961D-4BD009DDDC3F}.Debug|Any CPU.ActiveCfg = Debug|Any CPU
		{72A59ED2-C18A-43CF-961D-4BD009DDDC3F}.Debug|Any CPU.Build.0 = Debug|Any CPU
		{72A59ED2-C18A-43CF-961D-4BD009DDDC3F}.Release|Any CPU.ActiveCfg = Release|Any CPU
		{72A59ED2-C18A-43CF-961D-4BD009DDDC3F}.Release|Any CPU.Build.0 = Release|Any CPU
		{851ED7A5-FA76-4940-9099-C22424F7659C}.Debug|Any CPU.ActiveCfg = Debug|Any CPU
		{851ED7A5-FA76-4940-9099-C22424F7659C}.Debug|Any CPU.Build.0 = Debug|Any CPU
		{851ED7A5-FA76-4940-9099-C22424F7659C}.Release|Any CPU.ActiveCfg = Release|Any CPU
		{851ED7A5-FA76-4940-9099-C22424F7659C}.Release|Any CPU.Build.0 = Release|Any CPU
		{4C5A15FC-A206-4FCD-8149-358F5D3C6210}.Debug|Any CPU.ActiveCfg = Debug|Any CPU
		{4C5A15FC-A206-4FCD-8149-358F5D3C6210}.Debug|Any CPU.Build.0 = Debug|Any CPU
		{4C5A15FC-A206-4FCD-8149-358F5D3C6210}.Release|Any CPU.ActiveCfg = Release|Any CPU
		{4C5A15FC-A206-4FCD-8149-358F5D3C6210}.Release|Any CPU.Build.0 = Release|Any CPU
		{B441DE16-7D48-4B18-827B-52A92C6A11F4}.Debug|Any CPU.ActiveCfg = Debug|Any CPU
		{B441DE16-7D48-4B18-827B-52A92C6A11F4}.Debug|Any CPU.Build.0 = Debug|Any CPU
		{B441DE16-7D48-4B18-827B-52A92C6A11F4}.Release|Any CPU.ActiveCfg = Release|Any CPU
		{B441DE16-7D48-4B18-827B-52A92C6A11F4}.Release|Any CPU.Build.0 = Release|Any CPU
		{4935707B-15C7-4AA2-BA98-9E736078AC0C}.Debug|Any CPU.ActiveCfg = Debug|Any CPU
		{4935707B-15C7-4AA2-BA98-9E736078AC0C}.Debug|Any CPU.Build.0 = Debug|Any CPU
		{4935707B-15C7-4AA2-BA98-9E736078AC0C}.Release|Any CPU.ActiveCfg = Release|Any CPU
		{4935707B-15C7-4AA2-BA98-9E736078AC0C}.Release|Any CPU.Build.0 = Release|Any CPU
		{C64A3230-743A-42B0-8760-15070D13F0D1}.Debug|Any CPU.ActiveCfg = Debug|Any CPU
		{C64A3230-743A-42B0-8760-15070D13F0D1}.Debug|Any CPU.Build.0 = Debug|Any CPU
		{C64A3230-743A-42B0-8760-15070D13F0D1}.Release|Any CPU.ActiveCfg = Release|Any CPU
		{C64A3230-743A-42B0-8760-15070D13F0D1}.Release|Any CPU.Build.0 = Release|Any CPU
		{C80402CD-E444-401F-B87C-CBB96370D77A}.Debug|Any CPU.ActiveCfg = Debug|Any CPU
		{C80402CD-E444-401F-B87C-CBB96370D77A}.Debug|Any CPU.Build.0 = Debug|Any CPU
		{C80402CD-E444-401F-B87C-CBB96370D77A}.Release|Any CPU.ActiveCfg = Release|Any CPU
		{C80402CD-E444-401F-B87C-CBB96370D77A}.Release|Any CPU.Build.0 = Release|Any CPU
	EndGlobalSection
	GlobalSection(SolutionProperties) = preSolution
		HideSolutionNode = FALSE
	EndGlobalSection
	GlobalSection(NestedProjects) = preSolution
		{9C4E163D-7738-48F0-9E1A-4B355DA37DEE} = {EA689ED1-9343-4E7D-852B-A360C75D5E99}
		{9D2C691B-C24F-41DC-9ED8-B2F7E1AFA395} = {9C4E163D-7738-48F0-9E1A-4B355DA37DEE}
		{BBBBA43B-996B-481E-A415-B457FE31220F} = {9C4E163D-7738-48F0-9E1A-4B355DA37DEE}
		{B517FC3F-7D20-4312-9CFD-D19098968FE0} = {EA689ED1-9343-4E7D-852B-A360C75D5E99}
		{6D40E24F-44E9-4AAC-9109-9A2BAA99E765} = {B517FC3F-7D20-4312-9CFD-D19098968FE0}
		{8A921E09-38D9-4E5A-997A-37CC43ED9FA2} = {B517FC3F-7D20-4312-9CFD-D19098968FE0}
		{481AAA2B-EE66-4508-90F5-8757BF0C406F} = {B517FC3F-7D20-4312-9CFD-D19098968FE0}
		{114F1D7D-89DC-402F-A708-27B0878B4E26} = {EA689ED1-9343-4E7D-852B-A360C75D5E99}
		{6A7B1F5E-453F-4FAB-BADA-AB102BDF7F02} = {114F1D7D-89DC-402F-A708-27B0878B4E26}
		{2DC57B6E-DEE8-486E-9CAA-99EF3888C475} = {EA689ED1-9343-4E7D-852B-A360C75D5E99}
		{BC50C728-8739-4F53-8EDA-15E0CC166534} = {2DC57B6E-DEE8-486E-9CAA-99EF3888C475}
		{8BFB42AB-2EE1-4E15-A049-C8780D2DBABE} = {D7DDA887-2EC4-42FD-A1BB-ACCC1CA9CF41}
		{1F3BB190-6F48-405D-B282-9F01BBD6579E} = {8BFB42AB-2EE1-4E15-A049-C8780D2DBABE}
		{72A59ED2-C18A-43CF-961D-4BD009DDDC3F} = {8BFB42AB-2EE1-4E15-A049-C8780D2DBABE}
		{851ED7A5-FA76-4940-9099-C22424F7659C} = {8BFB42AB-2EE1-4E15-A049-C8780D2DBABE}
		{4C5A15FC-A206-4FCD-8149-358F5D3C6210} = {8BFB42AB-2EE1-4E15-A049-C8780D2DBABE}
		{B441DE16-7D48-4B18-827B-52A92C6A11F4} = {0BACEA5C-D737-43BB-B315-41656A023D6C}
		{4935707B-15C7-4AA2-BA98-9E736078AC0C} = {8BFB42AB-2EE1-4E15-A049-C8780D2DBABE}
		{C64A3230-743A-42B0-8760-15070D13F0D1} = {8BFB42AB-2EE1-4E15-A049-C8780D2DBABE}
		{C80402CD-E444-401F-B87C-CBB96370D77A} = {8BFB42AB-2EE1-4E15-A049-C8780D2DBABE}
	EndGlobalSection
	GlobalSection(ExtensibilityGlobals) = postSolution
		SolutionGuid = {C651B7EB-BF29-41EB-889C-199C09673546}
	EndGlobalSection
EndGlobal
