
Microsoft Visual Studio Solution File, Format Version 12.00
# Visual Studio Version 17
VisualStudioVersion = 17.9.34728.123
MinimumVisualStudioVersion = 10.0.40219.1
Project("{2150E333-8FDC-42A3-9474-1A3956D46DE8}") = "Creational", "Creational", "{EA689ED1-9343-4E7D-852B-A360C75D5E99}"
EndProject
Project("{2150E333-8FDC-42A3-9474-1A3956D46DE8}") = "Singleton", "Singleton", "{9C4E163D-7738-48F0-9E1A-4B355DA37DEE}"
EndProject
Project("{9A19103F-16F7-4668-BE54-9A1E7A4F7556}") = "Simple-Singleton", "Creational\Simple-Singleton\Simple-Singleton.csproj", "{9D2C691B-C24F-41DC-9ED8-B2F7E1AFA395}"
EndProject
Project("{9A19103F-16F7-4668-BE54-9A1E7A4F7556}") = "Thread-Safe-Singleton", "Creational\Thread-Safe-Singleton\Thread-Safe-Singleton.csproj", "{BBBBA43B-996B-481E-A415-B457FE31220F}"
EndProject
Project("{2150E333-8FDC-42A3-9474-1A3956D46DE8}") = "Factory", "Factory", "{B517FC3F-7D20-4312-9CFD-D19098968FE0}"
EndProject
Project("{9A19103F-16F7-4668-BE54-9A1E7A4F7556}") = "Simple-Factory", "Creational\Simple-Factory\Simple-Factory.csproj", "{6D40E24F-44E9-4AAC-9109-9A2BAA99E765}"
EndProject
Project("{9A19103F-16F7-4668-BE54-9A1E7A4F7556}") = "Factory-Method", "Creational\Factory-Method\Factory-Method.csproj", "{8A921E09-38D9-4E5A-997A-37CC43ED9FA2}"
EndProject
Project("{9A19103F-16F7-4668-BE54-9A1E7A4F7556}") = "Abstract-Factory", "Creational\Abstract-Factory\Abstract-Factory.csproj", "{481AAA2B-EE66-4508-90F5-8757BF0C406F}"
EndProject
Project("{2150E333-8FDC-42A3-9474-1A3956D46DE8}") = "Builder", "Builder", "{114F1D7D-89DC-402F-A708-27B0878B4E26}"
EndProject
Project("{9A19103F-16F7-4668-BE54-9A1E7A4F7556}") = "Simple-Builder", "Creational\Simple-Builder\Simple-Builder.csproj", "{6A7B1F5E-453F-4FAB-BADA-AB102BDF7F02}"
EndProject
Project("{2150E333-8FDC-42A3-9474-1A3956D46DE8}") = "Prototype", "Prototype", "{2DC57B6E-DEE8-486E-9CAA-99EF3888C475}"
EndProject
Project("{9A19103F-16F7-4668-BE54-9A1E7A4F7556}") = "Simple-Prototype", "Creational\Simple-Prototype\Simple-Prototype.csproj", "{BC50C728-8739-4F53-8EDA-15E0CC166534}"
EndProject
Project("{2150E333-8FDC-42A3-9474-1A3956D46DE8}") = "Structural", "Structural", "{D7DDA887-2EC4-42FD-A1BB-ACCC1CA9CF41}"
EndProject
Project("{9A19103F-16F7-4668-BE54-9A1E7A4F7556}") = "Simple-Adapter", "Structural\Simple-Adapter\Simple-Adapter.csproj", "{1F3BB190-6F48-405D-B282-9F01BBD6579E}"
EndProject
Project("{9A19103F-16F7-4668-BE54-9A1E7A4F7556}") = "Simple-Bridge", "Structural\Simple-Bridge\Simple-Bridge.csproj", "{72A59ED2-C18A-43CF-961D-4BD009DDDC3F}"
EndProject
Project("{9A19103F-16F7-4668-BE54-9A1E7A4F7556}") = "Simple-Composite", "Structural\Simple-Composite\Simple-Composite.csproj", "{851ED7A5-FA76-4940-9099-C22424F7659C}"
EndProject
Project("{9A19103F-16F7-4668-BE54-9A1E7A4F7556}") = "Simple-Decorator-Coffee", "Structural\Simple-Decorator\Simple-Decorator-Coffee.csproj", "{4C5A15FC-A206-4FCD-8149-358F5D3C6210}"
EndProject
Project("{2150E333-8FDC-42A3-9474-1A3956D46DE8}") = "Examples", "Examples", "{0BACEA5C-D737-43BB-B315-41656A023D6C}"
EndProject
Project("{9A19103F-16F7-4668-BE54-9A1E7A4F7556}") = "Example", "Example\Example.csproj", "{B441DE16-7D48-4B18-827B-52A92C6A11F4}"
EndProject
Project("{9A19103F-16F7-4668-BE54-9A1E7A4F7556}") = "Simple-Facade", "Structural\Simple-Facade\Simple-Facade.csproj", "{4935707B-15C7-4AA2-BA98-9E736078AC0C}"
EndProject
Project("{9A19103F-16F7-4668-BE54-9A1E7A4F7556}") = "Simple-Flyweight", "Structural\Simple-Flyweight\Simple-Flyweight.csproj", "{C64A3230-743A-42B0-8760-15070D13F0D1}"
EndProject
Project("{9A19103F-16F7-4668-BE54-9A1E7A4F7556}") = "Simple-Proxy", "Structural\Simple-Proxy\Simple-Proxy.csproj", "{C80402CD-E444-401F-B87C-CBB96370D77A}"
EndProject
Project("{2150E333-8FDC-42A3-9474-1A3956D46DE8}") = "Behavioral", "Behavioral", "{9BDC97E2-CDDA-4E44-A486-04B55B263390}"
EndProject
Project("{9A19103F-16F7-4668-BE54-9A1E7A4F7556}") = "TemplateMethod", "Behavioral\TemplateMethod\TemplateMethod.csproj", "{05799958-5081-477F-A396-21943FBAD75E}"
EndProject
Project("{9A19103F-16F7-4668-BE54-9A1E7A4F7556}") = "ChainofResponsibility", "Behavioral\ChainofResponsibility\ChainofResponsibility.csproj", "{CFDB79A4-1923-4F12-891F-76B23BBCCE4B}"
EndProject
Project("{9A19103F-16F7-4668-BE54-9A1E7A4F7556}") = "Simple-Mediator", "Behavioral\Mediator\Simple-Mediator.csproj", "{9EC676F8-601F-4C9D-9432-74250E126023}"
EndProject
Project("{9A19103F-16F7-4668-BE54-9A1E7A4F7556}") = "Observer", "Behavioral\Observer\Observer.csproj", "{91745397-0811-4671-B2A6-FA4998E7DD94}"
EndProject
Project("{9A19103F-16F7-4668-BE54-9A1E7A4F7556}") = "Simple-Strategy", "Behavioral\Strategy\Simple-Strategy.csproj", "{CFF8D9B3-F782-4277-B81D-0AD14345845F}"
EndProject
Project("{2150E333-8FDC-42A3-9474-1A3956D46DE8}") = "Decorator", "Decorator", "{02970D48-BA44-4BCD-89A9-7AA68BA37449}"
EndProject
Project("{9A19103F-16F7-4668-BE54-9A1E7A4F7556}") = "Simple-Decorator-Notifier", "Simple-Decorator-Notifier\Simple-Decorator-Notifier.csproj", "{6D748454-0372-4955-AFD1-92647868C651}"
EndProject
Project("{2150E333-8FDC-42A3-9474-1A3956D46DE8}") = "Flyweight", "Flyweight", "{1EA1F654-D56C-459D-B4FC-C12FF6B91AC0}"
EndProject
Project("{9A19103F-16F7-4668-BE54-9A1E7A4F7556}") = "Bad-Practice-Flyweight", "Bad-Practice-Flyweight\Bad-Practice-Flyweight.csproj", "{F28DBC74-365E-452D-9450-651CD39D72F6}"
EndProject
Project("{2150E333-8FDC-42A3-9474-1A3956D46DE8}") = "ChainofResponsibility1", "ChainofResponsibility1", "{DEB10F42-F351-44F1-B41F-1032390F66CC}"
EndProject
Project("{FAE04EC0-301F-11D3-BF4B-00C04F79EFBC}") = "Bad-Practice-ChainofResponsibility", "Bad-Practice-ChainofResponsibility\Bad-Practice-ChainofResponsibility.csproj", "{AA0EE80E-9474-4332-B465-F39A90A702E7}"
EndProject
Project("{2150E333-8FDC-42A3-9474-1A3956D46DE8}") = "Mediator", "Mediator", "{3761DCFF-7687-4C5C-94E9-ECFF6D9F2BDB}"
EndProject
Project("{FAE04EC0-301F-11D3-BF4B-00C04F79EFBC}") = "Bad-Practice-Mediator", "Bad-Practice-Mediator\Bad-Practice-Mediator.csproj", "{5DF08753-BAB5-493B-85E3-D0B8E320DFD7}"
EndProject
Project("{2150E333-8FDC-42A3-9474-1A3956D46DE8}") = "Strategy", "Strategy", "{696C07F9-4D11-404F-A980-F50B44139ADC}"
EndProject
Project("{FAE04EC0-301F-11D3-BF4B-00C04F79EFBC}") = "Bad-Practice-Strategy", "Bad-Practice-Strategy\Bad-Practice-Strategy.csproj", "{AF7B3208-2FAD-4F70-8953-C1F2326EAFE2}"
EndProject
Global
	GlobalSection(SolutionConfigurationPlatforms) = preSolution
		Debug|Any CPU = Debug|Any CPU
		Release|Any CPU = Release|Any CPU
	EndGlobalSection
	GlobalSection(ProjectConfigurationPlatforms) = postSolution
		{9D2C691B-C24F-41DC-9ED8-B2F7E1AFA395}.Debug|Any CPU.ActiveCfg = Debug|Any CPU
		{9D2C691B-C24F-41DC-9ED8-B2F7E1AFA395}.Debug|Any CPU.Build.0 = Debug|Any CPU
		{9D2C691B-C24F-41DC-9ED8-B2F7E1AFA395}.Release|Any CPU.ActiveCfg = Release|Any CPU
		{9D2C691B-C24F-41DC-9ED8-B2F7E1AFA395}.Release|Any CPU.Build.0 = Release|Any CPU
		{BBBBA43B-996B-481E-A415-B457FE31220F}.Debug|Any CPU.ActiveCfg = Debug|Any CPU
		{BBBBA43B-996B-481E-A415-B457FE31220F}.Debug|Any CPU.Build.0 = Debug|Any CPU
		{BBBBA43B-996B-481E-A415-B457FE31220F}.Release|Any CPU.ActiveCfg = Release|Any CPU
		{BBBBA43B-996B-481E-A415-B457FE31220F}.Release|Any CPU.Build.0 = Release|Any CPU
		{6D40E24F-44E9-4AAC-9109-9A2BAA99E765}.Debug|Any CPU.ActiveCfg = Debug|Any CPU
		{6D40E24F-44E9-4AAC-9109-9A2BAA99E765}.Debug|Any CPU.Build.0 = Debug|Any CPU
		{6D40E24F-44E9-4AAC-9109-9A2BAA99E765}.Release|Any CPU.ActiveCfg = Release|Any CPU
		{6D40E24F-44E9-4AAC-9109-9A2BAA99E765}.Release|Any CPU.Build.0 = Release|Any CPU
		{8A921E09-38D9-4E5A-997A-37CC43ED9FA2}.Debug|Any CPU.ActiveCfg = Debug|Any CPU
		{8A921E09-38D9-4E5A-997A-37CC43ED9FA2}.Debug|Any CPU.Build.0 = Debug|Any CPU
		{8A921E09-38D9-4E5A-997A-37CC43ED9FA2}.Release|Any CPU.ActiveCfg = Release|Any CPU
		{8A921E09-38D9-4E5A-997A-37CC43ED9FA2}.Release|Any CPU.Build.0 = Release|Any CPU
		{481AAA2B-EE66-4508-90F5-8757BF0C406F}.Debug|Any CPU.ActiveCfg = Debug|Any CPU
		{481AAA2B-EE66-4508-90F5-8757BF0C406F}.Debug|Any CPU.Build.0 = Debug|Any CPU
		{481AAA2B-EE66-4508-90F5-8757BF0C406F}.Release|Any CPU.ActiveCfg = Release|Any CPU
		{481AAA2B-EE66-4508-90F5-8757BF0C406F}.Release|Any CPU.Build.0 = Release|Any CPU
		{6A7B1F5E-453F-4FAB-BADA-AB102BDF7F02}.Debug|Any CPU.ActiveCfg = Debug|Any CPU
		{6A7B1F5E-453F-4FAB-BADA-AB102BDF7F02}.Debug|Any CPU.Build.0 = Debug|Any CPU
		{6A7B1F5E-453F-4FAB-BADA-AB102BDF7F02}.Release|Any CPU.ActiveCfg = Release|Any CPU
		{6A7B1F5E-453F-4FAB-BADA-AB102BDF7F02}.Release|Any CPU.Build.0 = Release|Any CPU
		{BC50C728-8739-4F53-8EDA-15E0CC166534}.Debug|Any CPU.ActiveCfg = Debug|Any CPU
		{BC50C728-8739-4F53-8EDA-15E0CC166534}.Debug|Any CPU.Build.0 = Debug|Any CPU
		{BC50C728-8739-4F53-8EDA-15E0CC166534}.Release|Any CPU.ActiveCfg = Release|Any CPU
		{BC50C728-8739-4F53-8EDA-15E0CC166534}.Release|Any CPU.Build.0 = Release|Any CPU
		{1F3BB190-6F48-405D-B282-9F01BBD6579E}.Debug|Any CPU.ActiveCfg = Debug|Any CPU
		{1F3BB190-6F48-405D-B282-9F01BBD6579E}.Debug|Any CPU.Build.0 = Debug|Any CPU
		{1F3BB190-6F48-405D-B282-9F01BBD6579E}.Release|Any CPU.ActiveCfg = Release|Any CPU
		{1F3BB190-6F48-405D-B282-9F01BBD6579E}.Release|Any CPU.Build.0 = Release|Any CPU
		{72A59ED2-C18A-43CF-961D-4BD009DDDC3F}.Debug|Any CPU.ActiveCfg = Debug|Any CPU
		{72A59ED2-C18A-43CF-961D-4BD009DDDC3F}.Debug|Any CPU.Build.0 = Debug|Any CPU
		{72A59ED2-C18A-43CF-961D-4BD009DDDC3F}.Release|Any CPU.ActiveCfg = Release|Any CPU
		{72A59ED2-C18A-43CF-961D-4BD009DDDC3F}.Release|Any CPU.Build.0 = Release|Any CPU
		{851ED7A5-FA76-4940-9099-C22424F7659C}.Debug|Any CPU.ActiveCfg = Debug|Any CPU
		{851ED7A5-FA76-4940-9099-C22424F7659C}.Debug|Any CPU.Build.0 = Debug|Any CPU
		{851ED7A5-FA76-4940-9099-C22424F7659C}.Release|Any CPU.ActiveCfg = Release|Any CPU
		{851ED7A5-FA76-4940-9099-C22424F7659C}.Release|Any CPU.Build.0 = Release|Any CPU
		{4C5A15FC-A206-4FCD-8149-358F5D3C6210}.Debug|Any CPU.ActiveCfg = Debug|Any CPU
		{4C5A15FC-A206-4FCD-8149-358F5D3C6210}.Debug|Any CPU.Build.0 = Debug|Any CPU
		{4C5A15FC-A206-4FCD-8149-358F5D3C6210}.Release|Any CPU.ActiveCfg = Release|Any CPU
		{4C5A15FC-A206-4FCD-8149-358F5D3C6210}.Release|Any CPU.Build.0 = Release|Any CPU
		{B441DE16-7D48-4B18-827B-52A92C6A11F4}.Debug|Any CPU.ActiveCfg = Debug|Any CPU
		{B441DE16-7D48-4B18-827B-52A92C6A11F4}.Debug|Any CPU.Build.0 = Debug|Any CPU
		{B441DE16-7D48-4B18-827B-52A92C6A11F4}.Release|Any CPU.ActiveCfg = Release|Any CPU
		{B441DE16-7D48-4B18-827B-52A92C6A11F4}.Release|Any CPU.Build.0 = Release|Any CPU
		{4935707B-15C7-4AA2-BA98-9E736078AC0C}.Debug|Any CPU.ActiveCfg = Debug|Any CPU
		{4935707B-15C7-4AA2-BA98-9E736078AC0C}.Debug|Any CPU.Build.0 = Debug|Any CPU
		{4935707B-15C7-4AA2-BA98-9E736078AC0C}.Release|Any CPU.ActiveCfg = Release|Any CPU
		{4935707B-15C7-4AA2-BA98-9E736078AC0C}.Release|Any CPU.Build.0 = Release|Any CPU
		{C64A3230-743A-42B0-8760-15070D13F0D1}.Debug|Any CPU.ActiveCfg = Debug|Any CPU
		{C64A3230-743A-42B0-8760-15070D13F0D1}.Debug|Any CPU.Build.0 = Debug|Any CPU
		{C64A3230-743A-42B0-8760-15070D13F0D1}.Release|Any CPU.ActiveCfg = Release|Any CPU
		{C64A3230-743A-42B0-8760-15070D13F0D1}.Release|Any CPU.Build.0 = Release|Any CPU
		{C80402CD-E444-401F-B87C-CBB96370D77A}.Debug|Any CPU.ActiveCfg = Debug|Any CPU
		{C80402CD-E444-401F-B87C-CBB96370D77A}.Debug|Any CPU.Build.0 = Debug|Any CPU
		{C80402CD-E444-401F-B87C-CBB96370D77A}.Release|Any CPU.ActiveCfg = Release|Any CPU
		{C80402CD-E444-401F-B87C-CBB96370D77A}.Release|Any CPU.Build.0 = Release|Any CPU
		{05799958-5081-477F-A396-21943FBAD75E}.Debug|Any CPU.ActiveCfg = Debug|Any CPU
		{05799958-5081-477F-A396-21943FBAD75E}.Debug|Any CPU.Build.0 = Debug|Any CPU
		{05799958-5081-477F-A396-21943FBAD75E}.Release|Any CPU.ActiveCfg = Release|Any CPU
		{05799958-5081-477F-A396-21943FBAD75E}.Release|Any CPU.Build.0 = Release|Any CPU
		{CFDB79A4-1923-4F12-891F-76B23BBCCE4B}.Debug|Any CPU.ActiveCfg = Debug|Any CPU
		{CFDB79A4-1923-4F12-891F-76B23BBCCE4B}.Debug|Any CPU.Build.0 = Debug|Any CPU
		{CFDB79A4-1923-4F12-891F-76B23BBCCE4B}.Release|Any CPU.ActiveCfg = Release|Any CPU
		{CFDB79A4-1923-4F12-891F-76B23BBCCE4B}.Release|Any CPU.Build.0 = Release|Any CPU
		{9EC676F8-601F-4C9D-9432-74250E126023}.Debug|Any CPU.ActiveCfg = Debug|Any CPU
		{9EC676F8-601F-4C9D-9432-74250E126023}.Debug|Any CPU.Build.0 = Debug|Any CPU
		{9EC676F8-601F-4C9D-9432-74250E126023}.Release|Any CPU.ActiveCfg = Release|Any CPU
		{9EC676F8-601F-4C9D-9432-74250E126023}.Release|Any CPU.Build.0 = Release|Any CPU
		{91745397-0811-4671-B2A6-FA4998E7DD94}.Debug|Any CPU.ActiveCfg = Debug|Any CPU
		{91745397-0811-4671-B2A6-FA4998E7DD94}.Debug|Any CPU.Build.0 = Debug|Any CPU
		{91745397-0811-4671-B2A6-FA4998E7DD94}.Release|Any CPU.ActiveCfg = Release|Any CPU
		{91745397-0811-4671-B2A6-FA4998E7DD94}.Release|Any CPU.Build.0 = Release|Any CPU
		{CFF8D9B3-F782-4277-B81D-0AD14345845F}.Debug|Any CPU.ActiveCfg = Debug|Any CPU
		{CFF8D9B3-F782-4277-B81D-0AD14345845F}.Debug|Any CPU.Build.0 = Debug|Any CPU
		{CFF8D9B3-F782-4277-B81D-0AD14345845F}.Release|Any CPU.ActiveCfg = Release|Any CPU
		{CFF8D9B3-F782-4277-B81D-0AD14345845F}.Release|Any CPU.Build.0 = Release|Any CPU
		{6D748454-0372-4955-AFD1-92647868C651}.Debug|Any CPU.ActiveCfg = Debug|Any CPU
		{6D748454-0372-4955-AFD1-92647868C651}.Debug|Any CPU.Build.0 = Debug|Any CPU
		{6D748454-0372-4955-AFD1-92647868C651}.Release|Any CPU.ActiveCfg = Release|Any CPU
		{6D748454-0372-4955-AFD1-92647868C651}.Release|Any CPU.Build.0 = Release|Any CPU
		{F28DBC74-365E-452D-9450-651CD39D72F6}.Debug|Any CPU.ActiveCfg = Debug|Any CPU
		{F28DBC74-365E-452D-9450-651CD39D72F6}.Debug|Any CPU.Build.0 = Debug|Any CPU
		{F28DBC74-365E-452D-9450-651CD39D72F6}.Release|Any CPU.ActiveCfg = Release|Any CPU
		{F28DBC74-365E-452D-9450-651CD39D72F6}.Release|Any CPU.Build.0 = Release|Any CPU
		{AA0EE80E-9474-4332-B465-F39A90A702E7}.Debug|Any CPU.ActiveCfg = Debug|Any CPU
		{AA0EE80E-9474-4332-B465-F39A90A702E7}.Debug|Any CPU.Build.0 = Debug|Any CPU
		{AA0EE80E-9474-4332-B465-F39A90A702E7}.Release|Any CPU.ActiveCfg = Release|Any CPU
		{AA0EE80E-9474-4332-B465-F39A90A702E7}.Release|Any CPU.Build.0 = Release|Any CPU
		{5DF08753-BAB5-493B-85E3-D0B8E320DFD7}.Debug|Any CPU.ActiveCfg = Debug|Any CPU
		{5DF08753-BAB5-493B-85E3-D0B8E320DFD7}.Debug|Any CPU.Build.0 = Debug|Any CPU
		{5DF08753-BAB5-493B-85E3-D0B8E320DFD7}.Release|Any CPU.ActiveCfg = Release|Any CPU
		{5DF08753-BAB5-493B-85E3-D0B8E320DFD7}.Release|Any CPU.Build.0 = Release|Any CPU
		{AF7B3208-2FAD-4F70-8953-C1F2326EAFE2}.Debug|Any CPU.ActiveCfg = Debug|Any CPU
		{AF7B3208-2FAD-4F70-8953-C1F2326EAFE2}.Debug|Any CPU.Build.0 = Debug|Any CPU
		{AF7B3208-2FAD-4F70-8953-C1F2326EAFE2}.Release|Any CPU.ActiveCfg = Release|Any CPU
		{AF7B3208-2FAD-4F70-8953-C1F2326EAFE2}.Release|Any CPU.Build.0 = Release|Any CPU
	EndGlobalSection
	GlobalSection(SolutionProperties) = preSolution
		HideSolutionNode = FALSE
	EndGlobalSection
	GlobalSection(NestedProjects) = preSolution
		{9C4E163D-7738-48F0-9E1A-4B355DA37DEE} = {EA689ED1-9343-4E7D-852B-A360C75D5E99}
		{9D2C691B-C24F-41DC-9ED8-B2F7E1AFA395} = {9C4E163D-7738-48F0-9E1A-4B355DA37DEE}
		{BBBBA43B-996B-481E-A415-B457FE31220F} = {9C4E163D-7738-48F0-9E1A-4B355DA37DEE}
		{B517FC3F-7D20-4312-9CFD-D19098968FE0} = {EA689ED1-9343-4E7D-852B-A360C75D5E99}
		{6D40E24F-44E9-4AAC-9109-9A2BAA99E765} = {B517FC3F-7D20-4312-9CFD-D19098968FE0}
		{8A921E09-38D9-4E5A-997A-37CC43ED9FA2} = {B517FC3F-7D20-4312-9CFD-D19098968FE0}
		{481AAA2B-EE66-4508-90F5-8757BF0C406F} = {B517FC3F-7D20-4312-9CFD-D19098968FE0}
		{114F1D7D-89DC-402F-A708-27B0878B4E26} = {EA689ED1-9343-4E7D-852B-A360C75D5E99}
		{6A7B1F5E-453F-4FAB-BADA-AB102BDF7F02} = {114F1D7D-89DC-402F-A708-27B0878B4E26}
		{2DC57B6E-DEE8-486E-9CAA-99EF3888C475} = {EA689ED1-9343-4E7D-852B-A360C75D5E99}
		{BC50C728-8739-4F53-8EDA-15E0CC166534} = {2DC57B6E-DEE8-486E-9CAA-99EF3888C475}
		{1F3BB190-6F48-405D-B282-9F01BBD6579E} = {D7DDA887-2EC4-42FD-A1BB-ACCC1CA9CF41}
		{72A59ED2-C18A-43CF-961D-4BD009DDDC3F} = {D7DDA887-2EC4-42FD-A1BB-ACCC1CA9CF41}
		{851ED7A5-FA76-4940-9099-C22424F7659C} = {D7DDA887-2EC4-42FD-A1BB-ACCC1CA9CF41}
		{4C5A15FC-A206-4FCD-8149-358F5D3C6210} = {02970D48-BA44-4BCD-89A9-7AA68BA37449}
		{B441DE16-7D48-4B18-827B-52A92C6A11F4} = {0BACEA5C-D737-43BB-B315-41656A023D6C}
		{4935707B-15C7-4AA2-BA98-9E736078AC0C} = {D7DDA887-2EC4-42FD-A1BB-ACCC1CA9CF41}
		{C64A3230-743A-42B0-8760-15070D13F0D1} = {1EA1F654-D56C-459D-B4FC-C12FF6B91AC0}
		{C80402CD-E444-401F-B87C-CBB96370D77A} = {D7DDA887-2EC4-42FD-A1BB-ACCC1CA9CF41}
		{05799958-5081-477F-A396-21943FBAD75E} = {9BDC97E2-CDDA-4E44-A486-04B55B263390}
		{CFDB79A4-1923-4F12-891F-76B23BBCCE4B} = {DEB10F42-F351-44F1-B41F-1032390F66CC}
		{9EC676F8-601F-4C9D-9432-74250E126023} = {3761DCFF-7687-4C5C-94E9-ECFF6D9F2BDB}
		{91745397-0811-4671-B2A6-FA4998E7DD94} = {9BDC97E2-CDDA-4E44-A486-04B55B263390}
		{CFF8D9B3-F782-4277-B81D-0AD14345845F} = {696C07F9-4D11-404F-A980-F50B44139ADC}
		{02970D48-BA44-4BCD-89A9-7AA68BA37449} = {D7DDA887-2EC4-42FD-A1BB-ACCC1CA9CF41}
		{6D748454-0372-4955-AFD1-92647868C651} = {02970D48-BA44-4BCD-89A9-7AA68BA37449}
		{1EA1F654-D56C-459D-B4FC-C12FF6B91AC0} = {D7DDA887-2EC4-42FD-A1BB-ACCC1CA9CF41}
		{F28DBC74-365E-452D-9450-651CD39D72F6} = {1EA1F654-D56C-459D-B4FC-C12FF6B91AC0}
		{DEB10F42-F351-44F1-B41F-1032390F66CC} = {9BDC97E2-CDDA-4E44-A486-04B55B263390}
		{AA0EE80E-9474-4332-B465-F39A90A702E7} = {DEB10F42-F351-44F1-B41F-1032390F66CC}
		{3761DCFF-7687-4C5C-94E9-ECFF6D9F2BDB} = {9BDC97E2-CDDA-4E44-A486-04B55B263390}
		{5DF08753-BAB5-493B-85E3-D0B8E320DFD7} = {3761DCFF-7687-4C5C-94E9-ECFF6D9F2BDB}
		{696C07F9-4D11-404F-A980-F50B44139ADC} = {9BDC97E2-CDDA-4E44-A486-04B55B263390}
		{AF7B3208-2FAD-4F70-8953-C1F2326EAFE2} = {696C07F9-4D11-404F-A980-F50B44139ADC}
	EndGlobalSection
	GlobalSection(ExtensibilityGlobals) = postSolution
		SolutionGuid = {C651B7EB-BF29-41EB-889C-199C09673546}
	EndGlobalSection
EndGlobal
